{
  "lockfile_version": "1",
  "packages": {
    "colima@0.8.1": {
      "last_modified": "2025-01-25T23:17:58Z",
      "resolved": "github:NixOS/nixpkgs/b582bb5b0d7af253b05d58314b85ab8ec46b8d19#colima",
      "source": "devbox-search",
      "version": "0.8.1",
      "systems": {
        "aarch64-darwin": {
          "outputs": [
            {
              "name": "out",
              "path": "/nix/store/vq94skd8lgv2j994b0nikcp8pnbw8cww-colima-0.8.1",
              "default": true
            }
          ],
          "store_path": "/nix/store/vq94skd8lgv2j994b0nikcp8pnbw8cww-colima-0.8.1"
        },
        "aarch64-linux": {
          "outputs": [
            {
              "name": "out",
              "path": "/nix/store/dy7xwrxj190ycggh34ffhv786kw07pk0-colima-0.8.1",
              "default": true
            }
          ],
          "store_path": "/nix/store/dy7xwrxj190ycggh34ffhv786kw07pk0-colima-0.8.1"
        },
        "x86_64-darwin": {
          "outputs": [
            {
              "name": "out",
              "path": "/nix/store/8fkf8df6yqksdswnmqy7xfa4yl4xyj05-colima-0.8.1",
              "default": true
            }
          ],
          "store_path": "/nix/store/8fkf8df6yqksdswnmqy7xfa4yl4xyj05-colima-0.8.1"
        },
        "x86_64-linux": {
          "outputs": [
            {
              "name": "out",
              "path": "/nix/store/7rslplk27vlbnj3fs5qxwr7rrsl8ph3y-colima-0.8.1",
              "default": true
            }
          ],
          "store_path": "/nix/store/7rslplk27vlbnj3fs5qxwr7rrsl8ph3y-colima-0.8.1"
        }
      }
    },
    "docker@27.5.0": {
      "last_modified": "2025-01-25T23:17:58Z",
      "resolved": "github:NixOS/nixpkgs/b582bb5b0d7af253b05d58314b85ab8ec46b8d19#docker",
      "source": "devbox-search",
      "version": "27.5.0",
      "systems": {
        "aarch64-darwin": {
          "outputs": [
            {
              "name": "out",
              "path": "/nix/store/bav9fyspzl9i9fx6nykb7jqdmr5qwvfz-docker-27.5.0",
              "default": true
            }
          ],
          "store_path": "/nix/store/bav9fyspzl9i9fx6nykb7jqdmr5qwvfz-docker-27.5.0"
        },
        "aarch64-linux": {
          "outputs": [
            {
              "name": "out",
              "path": "/nix/store/v3avgyz1ybih0ai2rhhp8gchxvb4q3yz-docker-27.5.0",
              "default": true
            }
          ],
          "store_path": "/nix/store/v3avgyz1ybih0ai2rhhp8gchxvb4q3yz-docker-27.5.0"
        },
        "x86_64-darwin": {
          "outputs": [
            {
              "name": "out",
              "path": "/nix/store/n966jsfz86wpgddnlc9xniix9zv1vha9-docker-27.5.0",
              "default": true
            }
          ],
          "store_path": "/nix/store/n966jsfz86wpgddnlc9xniix9zv1vha9-docker-27.5.0"
        },
        "x86_64-linux": {
          "outputs": [
            {
              "name": "out",
              "path": "/nix/store/s9g8d3q5l89mp1nqypn1fy7w6amiha88-docker-27.5.0",
              "default": true
            }
          ],
          "store_path": "/nix/store/s9g8d3q5l89mp1nqypn1fy7w6amiha88-docker-27.5.0"
        }
      }
    },
    "git@latest": {
      "last_modified": "2025-02-07T11:26:36Z",
      "resolved": "github:NixOS/nixpkgs/d98abf5cf5914e5e4e9d57205e3af55ca90ffc1d#git",
      "source": "devbox-search",
      "version": "2.47.2",
      "systems": {
        "aarch64-darwin": {
          "outputs": [
            {
              "name": "out",
              "path": "/nix/store/9z3jhc0rlj3zaw8nd1zka9vli6w0q11g-git-2.47.2",
              "default": true
            },
            {
              "name": "doc",
              "path": "/nix/store/rh151iwgy4h8yv8kxd5facw57cyj0bav-git-2.47.2-doc"
            }
          ],
          "store_path": "/nix/store/9z3jhc0rlj3zaw8nd1zka9vli6w0q11g-git-2.47.2"
        },
        "aarch64-linux": {
          "outputs": [
            {
              "name": "out",
              "path": "/nix/store/gx5y37qcfqdvn0h6swjd04dmqjjh3nk7-git-2.47.2",
              "default": true
            },
            {
              "name": "debug",
              "path": "/nix/store/8vfpmf3vjgzl2psip76p0f9h11sb6y3p-git-2.47.2-debug"
            },
            {
              "name": "doc",
              "path": "/nix/store/c25mq3q83dvw3k5pb0qr5333g3cycylq-git-2.47.2-doc"
            }
          ],
          "store_path": "/nix/store/gx5y37qcfqdvn0h6swjd04dmqjjh3nk7-git-2.47.2"
        },
        "x86_64-darwin": {
          "outputs": [
            {
              "name": "out",
              "path": "/nix/store/39xx5gx3hxigs1b5ldw5i2jr84vsn3rf-git-2.47.2",
              "default": true
            },
            {
              "name": "doc",
              "path": "/nix/store/xmh2djjrnbpiqqgpblrcbavnqh0nv4km-git-2.47.2-doc"
            }
          ],
          "store_path": "/nix/store/39xx5gx3hxigs1b5ldw5i2jr84vsn3rf-git-2.47.2"
        },
        "x86_64-linux": {
          "outputs": [
            {
              "name": "out",
              "path": "/nix/store/33g65w5cc9n8fr0hxj84282xmv4l7hyl-git-2.47.2",
              "default": true
            },
            {
              "name": "debug",
              "path": "/nix/store/jyz4nvcd3bci4vg2sfsmvrq0fp9mzr5a-git-2.47.2-debug"
            },
            {
              "name": "doc",
              "path": "/nix/store/lb4nipdhlwrxdavz7gdkcik6lkz3cbdm-git-2.47.2-doc"
            }
          ],
          "store_path": "/nix/store/33g65w5cc9n8fr0hxj84282xmv4l7hyl-git-2.47.2"
        }
      }
    },
    "github:NixOS/nixpkgs/nixpkgs-unstable": {
      "resolved": "github:NixOS/nixpkgs/dad564433178067be1fbdfcce23b546254b6d641?lastModified=1740019556&narHash=sha256-vn285HxnnlHLWnv59Og7muqECNMS33mWLM14soFIv2g%3D"
    },
    "go@1.23.4": {
      "last_modified": "2025-01-25T23:17:58Z",
      "resolved": "github:NixOS/nixpkgs/b582bb5b0d7af253b05d58314b85ab8ec46b8d19#go",
      "source": "devbox-search",
      "version": "1.23.4",
      "systems": {
        "aarch64-darwin": {
          "outputs": [
            {
              "name": "out",
              "path": "/nix/store/lg7l1czmd5hqwwhjszprdz342q98zmkw-go-1.23.4",
              "default": true
            }
          ],
          "store_path": "/nix/store/lg7l1czmd5hqwwhjszprdz342q98zmkw-go-1.23.4"
        },
        "aarch64-linux": {
          "outputs": [
            {
              "name": "out",
              "path": "/nix/store/2x7k6yj9z37s3d3x5j3kkz6bcak8k9qr-go-1.23.4",
              "default": true
            }
          ],
          "store_path": "/nix/store/2x7k6yj9z37s3d3x5j3kkz6bcak8k9qr-go-1.23.4"
        },
        "x86_64-darwin": {
          "outputs": [
            {
              "name": "out",
              "path": "/nix/store/8x0ag0v37rfy9z58a8yy3hakj3dzdr9c-go-1.23.4",
              "default": true
            }
          ],
          "store_path": "/nix/store/8x0ag0v37rfy9z58a8yy3hakj3dzdr9c-go-1.23.4"
        },
        "x86_64-linux": {
          "outputs": [
            {
              "name": "out",
              "path": "/nix/store/0b6vsy4fa4i4qpk1011hi6251nwdg5y8-go-1.23.4",
              "default": true
            }
          ],
          "store_path": "/nix/store/0b6vsy4fa4i4qpk1011hi6251nwdg5y8-go-1.23.4"
        }
      }
    },
    "gotestsum@latest": {
      "last_modified": "2025-03-11T17:52:14Z",
      "resolved": "github:NixOS/nixpkgs/0d534853a55b5d02a4ababa1d71921ce8f0aee4c#gotestsum",
      "source": "devbox-search",
      "version": "1.12.0-unstable-2024-09-17",
      "systems": {
        "aarch64-darwin": {
          "outputs": [
            {
              "name": "out",
              "path": "/nix/store/93kwis02c81bwh382s1vdmsqp7s886fl-gotestsum-1.12.0-unstable-2024-09-17",
              "default": true
            }
          ],
          "store_path": "/nix/store/93kwis02c81bwh382s1vdmsqp7s886fl-gotestsum-1.12.0-unstable-2024-09-17"
        },
        "aarch64-linux": {
          "outputs": [
            {
              "name": "out",
              "path": "/nix/store/nhnkprky0cdz9060mjwg74m0faj3znk4-gotestsum-1.12.0-unstable-2024-09-17",
              "default": true
            }
          ],
          "store_path": "/nix/store/nhnkprky0cdz9060mjwg74m0faj3znk4-gotestsum-1.12.0-unstable-2024-09-17"
        },
        "x86_64-darwin": {
          "outputs": [
            {
              "name": "out",
              "path": "/nix/store/j4x56yii1plcsbw886sdcxizv1623w7p-gotestsum-1.12.0-unstable-2024-09-17",
              "default": true
            }
          ],
          "store_path": "/nix/store/j4x56yii1plcsbw886sdcxizv1623w7p-gotestsum-1.12.0-unstable-2024-09-17"
        },
        "x86_64-linux": {
          "outputs": [
            {
              "name": "out",
              "path": "/nix/store/miiv2k7mps90l2r44iwv2g2rpvh515k5-gotestsum-1.12.0-unstable-2024-09-17",
              "default": true
            }
          ],
          "store_path": "/nix/store/miiv2k7mps90l2r44iwv2g2rpvh515k5-gotestsum-1.12.0-unstable-2024-09-17"
        }
      }
    },
    "process-compose@latest": {
      "last_modified": "2025-03-11T17:52:14Z",
      "resolved": "github:NixOS/nixpkgs/0d534853a55b5d02a4ababa1d71921ce8f0aee4c#process-compose",
      "source": "devbox-search",
      "version": "1.46.0",
      "systems": {
        "aarch64-darwin": {
          "outputs": [
            {
              "name": "out",
              "path": "/nix/store/kq7yvcb0g6nhvy38x12545fw627jd0m5-process-compose-1.46.0",
              "default": true
            }
          ],
          "store_path": "/nix/store/kq7yvcb0g6nhvy38x12545fw627jd0m5-process-compose-1.46.0"
        },
        "aarch64-linux": {
          "outputs": [
            {
              "name": "out",
              "path": "/nix/store/gifpg54zpgd8pwji6xdlzva182jg4l3r-process-compose-1.46.0",
              "default": true
            }
          ],
          "store_path": "/nix/store/gifpg54zpgd8pwji6xdlzva182jg4l3r-process-compose-1.46.0"
        },
        "x86_64-darwin": {
          "outputs": [
            {
              "name": "out",
              "path": "/nix/store/0x24qkcsbzs30xm118p2bw8y0hc0mca6-process-compose-1.46.0",
              "default": true
            }
          ],
          "store_path": "/nix/store/0x24qkcsbzs30xm118p2bw8y0hc0mca6-process-compose-1.46.0"
        },
        "x86_64-linux": {
          "outputs": [
            {
              "name": "out",
              "path": "/nix/store/4fv3nllzyzpab16kkl7jk0k4l6kwsvqy-process-compose-1.46.0",
              "default": true
            }
          ],
          "store_path": "/nix/store/4fv3nllzyzpab16kkl7jk0k4l6kwsvqy-process-compose-1.46.0"
        }
      }
    }
  }
}
